
Microsoft Visual Studio Solution File, Format Version 12.00
# Visual Studio Version 16
VisualStudioVersion = 16.0.29613.14
MinimumVisualStudioVersion = 10.0.40219.1
Project("{FAE04EC0-301F-11D3-BF4B-00C04F79EFBC}") = "PrismSample.UWP", "PrismSample\PrismSample.UWP\PrismSample.UWP.csproj", "{9D48E70D-3643-4952-B72B-6A69B310BF47}"
EndProject
Project("{FAE04EC0-301F-11D3-BF4B-00C04F79EFBC}") = "PrismSample.iOS", "PrismSample\PrismSample.iOS\PrismSample.iOS.csproj", "{F37444C7-514B-423E-977D-D3A47BE7D71D}"
EndProject
Project("{FAE04EC0-301F-11D3-BF4B-00C04F79EFBC}") = "PrismSample", "PrismSample\PrismSample\PrismSample.csproj", "{9B9902C0-1326-489A-AD5A-A32E0B90924B}"
EndProject
Global
	GlobalSection(SolutionConfigurationPlatforms) = preSolution
		Debug|Any CPU = Debug|Any CPU
		Debug|ARM = Debug|ARM
		Debug|iPhone = Debug|iPhone
		Debug|iPhoneSimulator = Debug|iPhoneSimulator
		Debug|x64 = Debug|x64
		Debug|x86 = Debug|x86
		Release|Any CPU = Release|Any CPU
		Release|ARM = Release|ARM
		Release|iPhone = Release|iPhone
		Release|iPhoneSimulator = Release|iPhoneSimulator
		Release|x64 = Release|x64
		Release|x86 = Release|x86
	EndGlobalSection
	GlobalSection(ProjectConfigurationPlatforms) = postSolution
		{9D48E70D-3643-4952-B72B-6A69B310BF47}.Debug|Any CPU.ActiveCfg = Debug|x86
		{9D48E70D-3643-4952-B72B-6A69B310BF47}.Debug|Any CPU.Build.0 = Debug|x86
		{9D48E70D-3643-4952-B72B-6A69B310BF47}.Debug|Any CPU.Deploy.0 = Debug|x86
		{9D48E70D-3643-4952-B72B-6A69B310BF47}.Debug|ARM.ActiveCfg = Debug|ARM
		{9D48E70D-3643-4952-B72B-6A69B310BF47}.Debug|ARM.Build.0 = Debug|ARM
		{9D48E70D-3643-4952-B72B-6A69B310BF47}.Debug|ARM.Deploy.0 = Debug|ARM
		{9D48E70D-3643-4952-B72B-6A69B310BF47}.Debug|iPhone.ActiveCfg = Debug|x86
		{9D48E70D-3643-4952-B72B-6A69B310BF47}.Debug|iPhone.Build.0 = Debug|x86
		{9D48E70D-3643-4952-B72B-6A69B310BF47}.Debug|iPhone.Deploy.0 = Debug|x86
		{9D48E70D-3643-4952-B72B-6A69B310BF47}.Debug|iPhoneSimulator.ActiveCfg = Debug|x86
		{9D48E70D-3643-4952-B72B-6A69B310BF47}.Debug|iPhoneSimulator.Build.0 = Debug|x86
		{9D48E70D-3643-4952-B72B-6A69B310BF47}.Debug|iPhoneSimulator.Deploy.0 = Debug|x86
		{9D48E70D-3643-4952-B72B-6A69B310BF47}.Debug|x64.ActiveCfg = Debug|x64
		{9D48E70D-3643-4952-B72B-6A69B310BF47}.Debug|x64.Build.0 = Debug|x64
		{9D48E70D-3643-4952-B72B-6A69B310BF47}.Debug|x64.Deploy.0 = Debug|x64
		{9D48E70D-3643-4952-B72B-6A69B310BF47}.Debug|x86.ActiveCfg = Debug|x86
		{9D48E70D-3643-4952-B72B-6A69B310BF47}.Debug|x86.Build.0 = Debug|x86
		{9D48E70D-3643-4952-B72B-6A69B310BF47}.Debug|x86.Deploy.0 = Debug|x86
		{9D48E70D-3643-4952-B72B-6A69B310BF47}.Release|Any CPU.ActiveCfg = Release|x86
		{9D48E70D-3643-4952-B72B-6A69B310BF47}.Release|Any CPU.Build.0 = Release|x86
		{9D48E70D-3643-4952-B72B-6A69B310BF47}.Release|Any CPU.Deploy.0 = Release|x86
		{9D48E70D-3643-4952-B72B-6A69B310BF47}.Release|ARM.ActiveCfg = Release|ARM
		{9D48E70D-3643-4952-B72B-6A69B310BF47}.Release|ARM.Build.0 = Release|ARM
		{9D48E70D-3643-4952-B72B-6A69B310BF47}.Release|ARM.Deploy.0 = Release|ARM
		{9D48E70D-3643-4952-B72B-6A69B310BF47}.Release|iPhone.ActiveCfg = Release|x86
		{9D48E70D-3643-4952-B72B-6A69B310BF47}.Release|iPhone.Build.0 = Release|x86
		{9D48E70D-3643-4952-B72B-6A69B310BF47}.Release|iPhone.Deploy.0 = Release|x86
		{9D48E70D-3643-4952-B72B-6A69B310BF47}.Release|iPhoneSimulator.ActiveCfg = Release|x86
		{9D48E70D-3643-4952-B72B-6A69B310BF47}.Release|iPhoneSimulator.Build.0 = Release|x86
		{9D48E70D-3643-4952-B72B-6A69B310BF47}.Release|iPhoneSimulator.Deploy.0 = Release|x86
		{9D48E70D-3643-4952-B72B-6A69B310BF47}.Release|x64.ActiveCfg = Release|x64
		{9D48E70D-3643-4952-B72B-6A69B310BF47}.Release|x64.Build.0 = Release|x64
		{9D48E70D-3643-4952-B72B-6A69B310BF47}.Release|x64.Deploy.0 = Release|x64
		{9D48E70D-3643-4952-B72B-6A69B310BF47}.Release|x86.ActiveCfg = Release|x86
		{9D48E70D-3643-4952-B72B-6A69B310BF47}.Release|x86.Build.0 = Release|x86
		{9D48E70D-3643-4952-B72B-6A69B310BF47}.Release|x86.Deploy.0 = Release|x86
		{F37444C7-514B-423E-977D-D3A47BE7D71D}.Debug|Any CPU.ActiveCfg = Debug|iPhone
		{F37444C7-514B-423E-977D-D3A47BE7D71D}.Debug|Any CPU.Build.0 = Debug|iPhone
		{F37444C7-514B-423E-977D-D3A47BE7D71D}.Debug|Any CPU.Deploy.0 = Debug|iPhone
		{F37444C7-514B-423E-977D-D3A47BE7D71D}.Debug|ARM.ActiveCfg = Debug|iPhoneSimulator
		{F37444C7-514B-423E-977D-D3A47BE7D71D}.Debug|ARM.Build.0 = Debug|iPhoneSimulator
		{F37444C7-514B-423E-977D-D3A47BE7D71D}.Debug|ARM.Deploy.0 = Debug|iPhoneSimulator
		{F37444C7-514B-423E-977D-D3A47BE7D71D}.Debug|iPhone.ActiveCfg = Debug|iPhone
		{F37444C7-514B-423E-977D-D3A47BE7D71D}.Debug|iPhone.Build.0 = Debug|iPhone
		{F37444C7-514B-423E-977D-D3A47BE7D71D}.Debug|iPhone.Deploy.0 = Debug|iPhone
		{F37444C7-514B-423E-977D-D3A47BE7D71D}.Debug|iPhoneSimulator.ActiveCfg = Debug|iPhoneSimulator
		{F37444C7-514B-423E-977D-D3A47BE7D71D}.Debug|iPhoneSimulator.Build.0 = Debug|iPhoneSimulator
		{F37444C7-514B-423E-977D-D3A47BE7D71D}.Debug|iPhoneSimulator.Deploy.0 = Debug|iPhoneSimulator
		{F37444C7-514B-423E-977D-D3A47BE7D71D}.Debug|x64.ActiveCfg = Debug|iPhone
		{F37444C7-514B-423E-977D-D3A47BE7D71D}.Debug|x64.Build.0 = Debug|iPhone
		{F37444C7-514B-423E-977D-D3A47BE7D71D}.Debug|x64.Deploy.0 = Debug|iPhone
		{F37444C7-514B-423E-977D-D3A47BE7D71D}.Debug|x86.ActiveCfg = Debug|iPhone
		{F37444C7-514B-423E-977D-D3A47BE7D71D}.Debug|x86.Build.0 = Debug|iPhone
		{F37444C7-514B-423E-977D-D3A47BE7D71D}.Debug|x86.Deploy.0 = Debug|iPhone
		{F37444C7-514B-423E-977D-D3A47BE7D71D}.Release|Any CPU.ActiveCfg = Release|iPhone
		{F37444C7-514B-423E-977D-D3A47BE7D71D}.Release|Any CPU.Build.0 = Release|iPhone
		{F37444C7-514B-423E-977D-D3A47BE7D71D}.Release|Any CPU.Deploy.0 = Release|iPhone
		{F37444C7-514B-423E-977D-D3A47BE7D71D}.Release|ARM.ActiveCfg = Release|iPhone
		{F37444C7-514B-423E-977D-D3A47BE7D71D}.Release|ARM.Build.0 = Release|iPhone
		{F37444C7-514B-423E-977D-D3A47BE7D71D}.Release|ARM.Deploy.0 = Release|iPhone
		{F37444C7-514B-423E-977D-D3A47BE7D71D}.Release|iPhone.ActiveCfg = Release|iPhone
		{F37444C7-514B-423E-977D-D3A47BE7D71D}.Release|iPhone.Build.0 = Release|iPhone
		{F37444C7-514B-423E-977D-D3A47BE7D71D}.Release|iPhone.Deploy.0 = Release|iPhone
		{F37444C7-514B-423E-977D-D3A47BE7D71D}.Release|iPhoneSimulator.ActiveCfg = Release|iPhoneSimulator
		{F37444C7-514B-423E-977D-D3A47BE7D71D}.Release|iPhoneSimulator.Build.0 = Release|iPhoneSimulator
		{F37444C7-514B-423E-977D-D3A47BE7D71D}.Release|iPhoneSimulator.Deploy.0 = Release|iPhoneSimulator
		{F37444C7-514B-423E-977D-D3A47BE7D71D}.Release|x64.ActiveCfg = Release|iPhone
		{F37444C7-514B-423E-977D-D3A47BE7D71D}.Release|x64.Build.0 = Release|iPhone
		{F37444C7-514B-423E-977D-D3A47BE7D71D}.Release|x64.Deploy.0 = Release|iPhone
		{F37444C7-514B-423E-977D-D3A47BE7D71D}.Release|x86.ActiveCfg = Release|iPhone
		{F37444C7-514B-423E-977D-D3A47BE7D71D}.Release|x86.Build.0 = Release|iPhone
		{F37444C7-514B-423E-977D-D3A47BE7D71D}.Release|x86.Deploy.0 = Release|iPhone
		{9B9902C0-1326-489A-AD5A-A32E0B90924B}.Debug|Any CPU.ActiveCfg = Debug|Any CPU
		{9B9902C0-1326-489A-AD5A-A32E0B90924B}.Debug|Any CPU.Build.0 = Debug|Any CPU
		{9B9902C0-1326-489A-AD5A-A32E0B90924B}.Debug|Any CPU.Deploy.0 = Debug|Any CPU
		{9B9902C0-1326-489A-AD5A-A32E0B90924B}.Debug|ARM.ActiveCfg = Debug|Any CPU
		{9B9902C0-1326-489A-AD5A-A32E0B90924B}.Debug|ARM.Build.0 = Debug|Any CPU
		{9B9902C0-1326-489A-AD5A-A32E0B90924B}.Debug|ARM.Deploy.0 = Debug|Any CPU
		{9B9902C0-1326-489A-AD5A-A32E0B90924B}.Debug|iPhone.ActiveCfg = Debug|Any CPU
		{9B9902C0-1326-489A-AD5A-A32E0B90924B}.Debug|iPhone.Build.0 = Debug|Any CPU
		{9B9902C0-1326-489A-AD5A-A32E0B90924B}.Debug|iPhone.Deploy.0 = Debug|Any CPU
		{9B9902C0-1326-489A-AD5A-A32E0B90924B}.Debug|iPhoneSimulator.ActiveCfg = Debug|Any CPU
		{9B9902C0-1326-489A-AD5A-A32E0B90924B}.Debug|iPhoneSimulator.Build.0 = Debug|Any CPU
		{9B9902C0-1326-489A-AD5A-A32E0B90924B}.Debug|iPhoneSimulator.Deploy.0 = Debug|Any CPU
		{9B9902C0-1326-489A-AD5A-A32E0B90924B}.Debug|x64.ActiveCfg = Debug|Any CPU
		{9B9902C0-1326-489A-AD5A-A32E0B90924B}.Debug|x64.Build.0 = Debug|Any CPU
		{9B9902C0-1326-489A-AD5A-A32E0B90924B}.Debug|x64.Deploy.0 = Debug|Any CPU
		{9B9902C0-1326-489A-AD5A-A32E0B90924B}.Debug|x86.ActiveCfg = Debug|Any CPU
		{9B9902C0-1326-489A-AD5A-A32E0B90924B}.Debug|x86.Build.0 = Debug|Any CPU
		{9B9902C0-1326-489A-AD5A-A32E0B90924B}.Debug|x86.Deploy.0 = Debug|Any CPU
		{9B9902C0-1326-489A-AD5A-A32E0B90924B}.Release|Any CPU.ActiveCfg = Release|Any CPU
		{9B9902C0-1326-489A-AD5A-A32E0B90924B}.Release|Any CPU.Build.0 = Release|Any CPU
		{9B9902C0-1326-489A-AD5A-A32E0B90924B}.Release|Any CPU.Deploy.0 = Release|Any CPU
		{9B9902C0-1326-489A-AD5A-A32E0B90924B}.Release|ARM.ActiveCfg = Release|Any CPU
		{9B9902C0-1326-489A-AD5A-A32E0B90924B}.Release|ARM.Build.0 = Release|Any CPU
		{9B9902C0-1326-489A-AD5A-A32E0B90924B}.Release|ARM.Deploy.0 = Release|Any CPU
		{9B9902C0-1326-489A-AD5A-A32E0B90924B}.Release|iPhone.ActiveCfg = Release|Any CPU
		{9B9902C0-1326-489A-AD5A-A32E0B90924B}.Release|iPhone.Build.0 = Release|Any CPU
		{9B9902C0-1326-489A-AD5A-A32E0B90924B}.Release|iPhone.Deploy.0 = Release|Any CPU
		{9B9902C0-1326-489A-AD5A-A32E0B90924B}.Release|iPhoneSimulator.ActiveCfg = Release|Any CPU
		{9B9902C0-1326-489A-AD5A-A32E0B90924B}.Release|iPhoneSimulator.Build.0 = Release|Any CPU
		{9B9902C0-1326-489A-AD5A-A32E0B90924B}.Release|iPhoneSimulator.Deploy.0 = Release|Any CPU
		{9B9902C0-1326-489A-AD5A-A32E0B90924B}.Release|x64.ActiveCfg = Release|Any CPU
		{9B9902C0-1326-489A-AD5A-A32E0B90924B}.Release|x64.Build.0 = Release|Any CPU
		{9B9902C0-1326-489A-AD5A-A32E0B90924B}.Release|x64.Deploy.0 = Release|Any CPU
		{9B9902C0-1326-489A-AD5A-A32E0B90924B}.Release|x86.ActiveCfg = Release|Any CPU
		{9B9902C0-1326-489A-AD5A-A32E0B90924B}.Release|x86.Build.0 = Release|Any CPU
		{9B9902C0-1326-489A-AD5A-A32E0B90924B}.Release|x86.Deploy.0 = Release|Any CPU
	EndGlobalSection
	GlobalSection(SolutionProperties) = preSolution
		HideSolutionNode = FALSE
	EndGlobalSection
	GlobalSection(ExtensibilityGlobals) = postSolution
		SolutionGuid = {73CA8916-AE93-4886-9F15-A42DD8164C48}
	EndGlobalSection
EndGlobal
